// !$*UTF8*$!
{
	archiveVersion = 1;
	classes = {
	};
	objectVersion = 52;
	objects = {

/* Begin PBXBuildFile section */
		CFBDC695239AFC61001088A3 /* SDWebImage in Frameworks */ = {isa = PBXBuildFile; productRef = CFBDC694239AFC61001088A3 /* SDWebImage */; };
		CFBDC698239AFF49001088A3 /* SnapKit in Frameworks */ = {isa = PBXBuildFile; productRef = CFBDC697239AFF49001088A3 /* SnapKit */; };
		CFBDC69A239B0721001088A3 /* PresentationViewController.swift in Sources */ = {isa = PBXBuildFile; fileRef = CFBDC699239B0721001088A3 /* PresentationViewController.swift */; };
		CFBDC69C239B0AC5001088A3 /* PresentationResponse.swift in Sources */ = {isa = PBXBuildFile; fileRef = CFBDC69B239B0AC5001088A3 /* PresentationResponse.swift */; };
		CFBDC69E239B0AE8001088A3 /* PresentationItem.swift in Sources */ = {isa = PBXBuildFile; fileRef = CFBDC69D239B0AE8001088A3 /* PresentationItem.swift */; };
		CFBDC6A0239B8879001088A3 /* PresentationHeaderView.swift in Sources */ = {isa = PBXBuildFile; fileRef = CFBDC69F239B8879001088A3 /* PresentationHeaderView.swift */; };
		CFBDC6A2239B8A62001088A3 /* BaseViewController.swift in Sources */ = {isa = PBXBuildFile; fileRef = CFBDC6A1239B8A62001088A3 /* BaseViewController.swift */; };
		CFBDC6A4239B8AD3001088A3 /* ScrollingNavigationBarTitleView.swift in Sources */ = {isa = PBXBuildFile; fileRef = CFBDC6A3239B8AD3001088A3 /* ScrollingNavigationBarTitleView.swift */; };
		CFBDC6A7239D3FF9001088A3 /* Localizable.strings in Resources */ = {isa = PBXBuildFile; fileRef = CFBDC6A9239D3FF9001088A3 /* Localizable.strings */; };
		CFBDC6AB239D79B2001088A3 /* UIFontExtension.swift in Sources */ = {isa = PBXBuildFile; fileRef = CFBDC6AA239D79B2001088A3 /* UIFontExtension.swift */; };
		CFBDC6AE239D9CCA001088A3 /* ResponseAll.json in Resources */ = {isa = PBXBuildFile; fileRef = CFBDC6AC239D9CCA001088A3 /* ResponseAll.json */; };
		CFBDC6AF239D9CCA001088A3 /* PresentationResponse.json in Resources */ = {isa = PBXBuildFile; fileRef = CFBDC6AD239D9CCA001088A3 /* PresentationResponse.json */; };
		CFBDC6B1239D9ECE001088A3 /* MockNetworkManager.swift in Sources */ = {isa = PBXBuildFile; fileRef = CFBDC6B0239D9ECE001088A3 /* MockNetworkManager.swift */; };
		CFC841CD239AABFC00E05565 /* AppDelegate.swift in Sources */ = {isa = PBXBuildFile; fileRef = CFC841CC239AABFC00E05565 /* AppDelegate.swift */; };
		CFC841D6239AABFE00E05565 /* Assets.xcassets in Resources */ = {isa = PBXBuildFile; fileRef = CFC841D5239AABFE00E05565 /* Assets.xcassets */; };
		CFC841D9239AABFE00E05565 /* LaunchScreen.storyboard in Resources */ = {isa = PBXBuildFile; fileRef = CFC841D7239AABFE00E05565 /* LaunchScreen.storyboard */; };
		CFC841E4239AABFE00E05565 /* iOSArtLogicChallengeTests.swift in Sources */ = {isa = PBXBuildFile; fileRef = CFC841E3239AABFE00E05565 /* iOSArtLogicChallengeTests.swift */; };
		CFC841EF239AABFE00E05565 /* iOSArtLogicChallengeUITests.swift in Sources */ = {isa = PBXBuildFile; fileRef = CFC841EE239AABFE00E05565 /* iOSArtLogicChallengeUITests.swift */; };
		CFC8420E239AB75F00E05565 /* NSObjectExtension.swift in Sources */ = {isa = PBXBuildFile; fileRef = CFC84206239AB74A00E05565 /* NSObjectExtension.swift */; };
		CFC8420F239AB76100E05565 /* StringExtension.swift in Sources */ = {isa = PBXBuildFile; fileRef = CFC84205239AB74900E05565 /* StringExtension.swift */; };
		CFC84210239AB76400E05565 /* UIButtonExtension.swift in Sources */ = {isa = PBXBuildFile; fileRef = CFC8420A239AB74A00E05565 /* UIButtonExtension.swift */; };
		CFC84211239AB76600E05565 /* UIEdgeInsetsExtension.swift in Sources */ = {isa = PBXBuildFile; fileRef = CFC84207239AB74A00E05565 /* UIEdgeInsetsExtension.swift */; };
		CFC84212239AB76900E05565 /* UIImageExtension.swift in Sources */ = {isa = PBXBuildFile; fileRef = CFC84209239AB74A00E05565 /* UIImageExtension.swift */; };
		CFC84213239AB76C00E05565 /* UINavigationControllerExtension.swift in Sources */ = {isa = PBXBuildFile; fileRef = CFC8420C239AB74A00E05565 /* UINavigationControllerExtension.swift */; };
		CFC84214239AB76F00E05565 /* UIViewControllerExtension.swift in Sources */ = {isa = PBXBuildFile; fileRef = CFC84204239AB74900E05565 /* UIViewControllerExtension.swift */; };
		CFC84215239AB77200E05565 /* UIVIewExtension.swift in Sources */ = {isa = PBXBuildFile; fileRef = CFC84208239AB74A00E05565 /* UIVIewExtension.swift */; };
		CFC84218239AB79000E05565 /* Constants.swift in Sources */ = {isa = PBXBuildFile; fileRef = CFC84216239AB79000E05565 /* Constants.swift */; };
		CFC84219239AB79000E05565 /* StyleManager.swift in Sources */ = {isa = PBXBuildFile; fileRef = CFC84217239AB79000E05565 /* StyleManager.swift */; };
		CFC8421B239AB7CC00E05565 /* Network.swift in Sources */ = {isa = PBXBuildFile; fileRef = CFC8421A239AB7CC00E05565 /* Network.swift */; };
		CFC8421E239AB86000E05565 /* LoaderOverlay.swift in Sources */ = {isa = PBXBuildFile; fileRef = CFC8421C239AB86000E05565 /* LoaderOverlay.swift */; };
		CFC8421F239AB86000E05565 /* BaseLabel.swift in Sources */ = {isa = PBXBuildFile; fileRef = CFC8421D239AB86000E05565 /* BaseLabel.swift */; };
		CFC84221239AC68D00E05565 /* ExtensionsTests.swift in Sources */ = {isa = PBXBuildFile; fileRef = CFC84220239AC68D00E05565 /* ExtensionsTests.swift */; };
		CFC84223239ACD9B00E05565 /* ArtworksViewController.swift in Sources */ = {isa = PBXBuildFile; fileRef = CFC84222239ACD9B00E05565 /* ArtworksViewController.swift */; };
		CFC84225239ACE2100E05565 /* NetworkManager.swift in Sources */ = {isa = PBXBuildFile; fileRef = CFC84224239ACE2100E05565 /* NetworkManager.swift */; };
		CFC84227239ACFFB00E05565 /* ApiManager.swift in Sources */ = {isa = PBXBuildFile; fileRef = CFC84226239ACFFB00E05565 /* ApiManager.swift */; };
		CFC84229239AD18300E05565 /* CollectionResponse.swift in Sources */ = {isa = PBXBuildFile; fileRef = CFC84228239AD18300E05565 /* CollectionResponse.swift */; };
		CFC8422B239AD28000E05565 /* CollectionItem.swift in Sources */ = {isa = PBXBuildFile; fileRef = CFC8422A239AD28000E05565 /* CollectionItem.swift */; };
		CFC8422D239AD32D00E05565 /* ImageSet.swift in Sources */ = {isa = PBXBuildFile; fileRef = CFC8422C239AD32D00E05565 /* ImageSet.swift */; };
		CFC8422F239ADFF200E05565 /* CollectionItemTableViewCell.swift in Sources */ = {isa = PBXBuildFile; fileRef = CFC8422E239ADFF200E05565 /* CollectionItemTableViewCell.swift */; };
/* End PBXBuildFile section */

/* Begin PBXContainerItemProxy section */
		CFC841E0239AABFE00E05565 /* PBXContainerItemProxy */ = {
			isa = PBXContainerItemProxy;
			containerPortal = CFC841C1239AABFC00E05565 /* Project object */;
			proxyType = 1;
			remoteGlobalIDString = CFC841C8239AABFC00E05565;
			remoteInfo = iOSArtLogicChallenge;
		};
		CFC841EB239AABFE00E05565 /* PBXContainerItemProxy */ = {
			isa = PBXContainerItemProxy;
			containerPortal = CFC841C1239AABFC00E05565 /* Project object */;
			proxyType = 1;
			remoteGlobalIDString = CFC841C8239AABFC00E05565;
			remoteInfo = iOSArtLogicChallenge;
		};
/* End PBXContainerItemProxy section */

/* Begin PBXFileReference section */
		CFBDC699239B0721001088A3 /* PresentationViewController.swift */ = {isa = PBXFileReference; lastKnownFileType = sourcecode.swift; path = PresentationViewController.swift; sourceTree = "<group>"; };
		CFBDC69B239B0AC5001088A3 /* PresentationResponse.swift */ = {isa = PBXFileReference; lastKnownFileType = sourcecode.swift; path = PresentationResponse.swift; sourceTree = "<group>"; };
		CFBDC69D239B0AE8001088A3 /* PresentationItem.swift */ = {isa = PBXFileReference; lastKnownFileType = sourcecode.swift; path = PresentationItem.swift; sourceTree = "<group>"; };
		CFBDC69F239B8879001088A3 /* PresentationHeaderView.swift */ = {isa = PBXFileReference; lastKnownFileType = sourcecode.swift; path = PresentationHeaderView.swift; sourceTree = "<group>"; };
		CFBDC6A1239B8A62001088A3 /* BaseViewController.swift */ = {isa = PBXFileReference; lastKnownFileType = sourcecode.swift; path = BaseViewController.swift; sourceTree = "<group>"; };
		CFBDC6A3239B8AD3001088A3 /* ScrollingNavigationBarTitleView.swift */ = {isa = PBXFileReference; lastKnownFileType = sourcecode.swift; path = ScrollingNavigationBarTitleView.swift; sourceTree = "<group>"; };
		CFBDC6A8239D3FF9001088A3 /* en */ = {isa = PBXFileReference; lastKnownFileType = text.plist.strings; name = en; path = en.lproj/Localizable.strings; sourceTree = "<group>"; };
		CFBDC6AA239D79B2001088A3 /* UIFontExtension.swift */ = {isa = PBXFileReference; lastKnownFileType = sourcecode.swift; path = UIFontExtension.swift; sourceTree = "<group>"; };
		CFBDC6AC239D9CCA001088A3 /* ResponseAll.json */ = {isa = PBXFileReference; fileEncoding = 4; lastKnownFileType = text.json; path = ResponseAll.json; sourceTree = "<group>"; };
		CFBDC6AD239D9CCA001088A3 /* PresentationResponse.json */ = {isa = PBXFileReference; fileEncoding = 4; lastKnownFileType = text.json; path = PresentationResponse.json; sourceTree = "<group>"; };
		CFBDC6B0239D9ECE001088A3 /* MockNetworkManager.swift */ = {isa = PBXFileReference; lastKnownFileType = sourcecode.swift; path = MockNetworkManager.swift; sourceTree = "<group>"; };
		CFC841C9239AABFC00E05565 /* Ramon ArtLogic.app */ = {isa = PBXFileReference; explicitFileType = wrapper.application; includeInIndex = 0; path = "Ramon ArtLogic.app"; sourceTree = BUILT_PRODUCTS_DIR; };
		CFC841CC239AABFC00E05565 /* AppDelegate.swift */ = {isa = PBXFileReference; lastKnownFileType = sourcecode.swift; path = AppDelegate.swift; sourceTree = "<group>"; };
		CFC841D5239AABFE00E05565 /* Assets.xcassets */ = {isa = PBXFileReference; lastKnownFileType = folder.assetcatalog; path = Assets.xcassets; sourceTree = "<group>"; };
		CFC841D8239AABFE00E05565 /* Base */ = {isa = PBXFileReference; lastKnownFileType = file.storyboard; name = Base; path = Base.lproj/LaunchScreen.storyboard; sourceTree = "<group>"; };
		CFC841DA239AABFE00E05565 /* Info.plist */ = {isa = PBXFileReference; lastKnownFileType = text.plist.xml; path = Info.plist; sourceTree = "<group>"; };
		CFC841DF239AABFE00E05565 /* iOSArtLogicChallengeTests.xctest */ = {isa = PBXFileReference; explicitFileType = wrapper.cfbundle; includeInIndex = 0; path = iOSArtLogicChallengeTests.xctest; sourceTree = BUILT_PRODUCTS_DIR; };
		CFC841E3239AABFE00E05565 /* iOSArtLogicChallengeTests.swift */ = {isa = PBXFileReference; lastKnownFileType = sourcecode.swift; path = iOSArtLogicChallengeTests.swift; sourceTree = "<group>"; };
		CFC841E5239AABFE00E05565 /* Info.plist */ = {isa = PBXFileReference; lastKnownFileType = text.plist.xml; path = Info.plist; sourceTree = "<group>"; };
		CFC841EA239AABFE00E05565 /* iOSArtLogicChallengeUITests.xctest */ = {isa = PBXFileReference; explicitFileType = wrapper.cfbundle; includeInIndex = 0; path = iOSArtLogicChallengeUITests.xctest; sourceTree = BUILT_PRODUCTS_DIR; };
		CFC841EE239AABFE00E05565 /* iOSArtLogicChallengeUITests.swift */ = {isa = PBXFileReference; lastKnownFileType = sourcecode.swift; path = iOSArtLogicChallengeUITests.swift; sourceTree = "<group>"; };
		CFC841F0239AABFE00E05565 /* Info.plist */ = {isa = PBXFileReference; lastKnownFileType = text.plist.xml; path = Info.plist; sourceTree = "<group>"; };
		CFC84204239AB74900E05565 /* UIViewControllerExtension.swift */ = {isa = PBXFileReference; lastKnownFileType = sourcecode.swift; path = UIViewControllerExtension.swift; sourceTree = "<group>"; };
		CFC84205239AB74900E05565 /* StringExtension.swift */ = {isa = PBXFileReference; lastKnownFileType = sourcecode.swift; path = StringExtension.swift; sourceTree = "<group>"; };
		CFC84206239AB74A00E05565 /* NSObjectExtension.swift */ = {isa = PBXFileReference; lastKnownFileType = sourcecode.swift; path = NSObjectExtension.swift; sourceTree = "<group>"; };
		CFC84207239AB74A00E05565 /* UIEdgeInsetsExtension.swift */ = {isa = PBXFileReference; lastKnownFileType = sourcecode.swift; path = UIEdgeInsetsExtension.swift; sourceTree = "<group>"; };
		CFC84208239AB74A00E05565 /* UIVIewExtension.swift */ = {isa = PBXFileReference; lastKnownFileType = sourcecode.swift; path = UIVIewExtension.swift; sourceTree = "<group>"; };
		CFC84209239AB74A00E05565 /* UIImageExtension.swift */ = {isa = PBXFileReference; lastKnownFileType = sourcecode.swift; path = UIImageExtension.swift; sourceTree = "<group>"; };
		CFC8420A239AB74A00E05565 /* UIButtonExtension.swift */ = {isa = PBXFileReference; lastKnownFileType = sourcecode.swift; path = UIButtonExtension.swift; sourceTree = "<group>"; };
		CFC8420C239AB74A00E05565 /* UINavigationControllerExtension.swift */ = {isa = PBXFileReference; lastKnownFileType = sourcecode.swift; path = UINavigationControllerExtension.swift; sourceTree = "<group>"; };
		CFC84216239AB79000E05565 /* Constants.swift */ = {isa = PBXFileReference; fileEncoding = 4; lastKnownFileType = sourcecode.swift; path = Constants.swift; sourceTree = "<group>"; };
		CFC84217239AB79000E05565 /* StyleManager.swift */ = {isa = PBXFileReference; fileEncoding = 4; lastKnownFileType = sourcecode.swift; path = StyleManager.swift; sourceTree = "<group>"; };
		CFC8421A239AB7CC00E05565 /* Network.swift */ = {isa = PBXFileReference; fileEncoding = 4; lastKnownFileType = sourcecode.swift; path = Network.swift; sourceTree = "<group>"; };
		CFC8421C239AB86000E05565 /* LoaderOverlay.swift */ = {isa = PBXFileReference; fileEncoding = 4; lastKnownFileType = sourcecode.swift; path = LoaderOverlay.swift; sourceTree = "<group>"; };
		CFC8421D239AB86000E05565 /* BaseLabel.swift */ = {isa = PBXFileReference; fileEncoding = 4; lastKnownFileType = sourcecode.swift; path = BaseLabel.swift; sourceTree = "<group>"; };
		CFC84220239AC68D00E05565 /* ExtensionsTests.swift */ = {isa = PBXFileReference; lastKnownFileType = sourcecode.swift; path = ExtensionsTests.swift; sourceTree = "<group>"; };
		CFC84222239ACD9B00E05565 /* ArtworksViewController.swift */ = {isa = PBXFileReference; lastKnownFileType = sourcecode.swift; path = ArtworksViewController.swift; sourceTree = "<group>"; };
		CFC84224239ACE2100E05565 /* NetworkManager.swift */ = {isa = PBXFileReference; lastKnownFileType = sourcecode.swift; path = NetworkManager.swift; sourceTree = "<group>"; };
		CFC84226239ACFFB00E05565 /* ApiManager.swift */ = {isa = PBXFileReference; lastKnownFileType = sourcecode.swift; path = ApiManager.swift; sourceTree = "<group>"; };
		CFC84228239AD18300E05565 /* CollectionResponse.swift */ = {isa = PBXFileReference; lastKnownFileType = sourcecode.swift; path = CollectionResponse.swift; sourceTree = "<group>"; };
		CFC8422A239AD28000E05565 /* CollectionItem.swift */ = {isa = PBXFileReference; lastKnownFileType = sourcecode.swift; path = CollectionItem.swift; sourceTree = "<group>"; };
		CFC8422C239AD32D00E05565 /* ImageSet.swift */ = {isa = PBXFileReference; lastKnownFileType = sourcecode.swift; path = ImageSet.swift; sourceTree = "<group>"; };
		CFC8422E239ADFF200E05565 /* CollectionItemTableViewCell.swift */ = {isa = PBXFileReference; lastKnownFileType = sourcecode.swift; path = CollectionItemTableViewCell.swift; sourceTree = "<group>"; };
/* End PBXFileReference section */

/* Begin PBXFrameworksBuildPhase section */
		CFC841C6239AABFC00E05565 /* Frameworks */ = {
			isa = PBXFrameworksBuildPhase;
			buildActionMask = 2147483647;
			files = (
				CFBDC695239AFC61001088A3 /* SDWebImage in Frameworks */,
				CFBDC698239AFF49001088A3 /* SnapKit in Frameworks */,
			);
			runOnlyForDeploymentPostprocessing = 0;
		};
		CFC841DC239AABFE00E05565 /* Frameworks */ = {
			isa = PBXFrameworksBuildPhase;
			buildActionMask = 2147483647;
			files = (
			);
			runOnlyForDeploymentPostprocessing = 0;
		};
		CFC841E7239AABFE00E05565 /* Frameworks */ = {
			isa = PBXFrameworksBuildPhase;
			buildActionMask = 2147483647;
			files = (
			);
			runOnlyForDeploymentPostprocessing = 0;
		};
/* End PBXFrameworksBuildPhase section */

/* Begin PBXGroup section */
		CFA2156C239AF5FE00B3C16C /* Frameworks */ = {
			isa = PBXGroup;
			children = (
			);
			name = Frameworks;
			sourceTree = "<group>";
		};
		CFC841C0239AABFC00E05565 = {
			isa = PBXGroup;
			children = (
				CFC841CB239AABFC00E05565 /* iOSArtLogicChallenge */,
				CFC841E2239AABFE00E05565 /* iOSArtLogicChallengeTests */,
				CFC841ED239AABFE00E05565 /* iOSArtLogicChallengeUITests */,
				CFC841CA239AABFC00E05565 /* Products */,
				CFA2156C239AF5FE00B3C16C /* Frameworks */,
			);
			sourceTree = "<group>";
		};
		CFC841CA239AABFC00E05565 /* Products */ = {
			isa = PBXGroup;
			children = (
				CFC841C9239AABFC00E05565 /* Ramon ArtLogic.app */,
				CFC841DF239AABFE00E05565 /* iOSArtLogicChallengeTests.xctest */,
				CFC841EA239AABFE00E05565 /* iOSArtLogicChallengeUITests.xctest */,
			);
			name = Products;
			sourceTree = "<group>";
		};
		CFC841CB239AABFC00E05565 /* iOSArtLogicChallenge */ = {
			isa = PBXGroup;
			children = (
				CFC841CC239AABFC00E05565 /* AppDelegate.swift */,
				CFC841FD239AAFC000E05565 /* Helpers */,
				CFC841FF239AB5D200E05565 /* Network */,
				CFC84200239AB60B00E05565 /* Model */,
				CFC84201239AB62900E05565 /* View */,
				CFC84203239AB64400E05565 /* Controller */,
				CFC841FC239AAF0600E05565 /* SupportingFiles */,
			);
			path = iOSArtLogicChallenge;
			sourceTree = "<group>";
		};
		CFC841E2239AABFE00E05565 /* iOSArtLogicChallengeTests */ = {
			isa = PBXGroup;
			children = (
				CFC84220239AC68D00E05565 /* ExtensionsTests.swift */,
				CFC841E3239AABFE00E05565 /* iOSArtLogicChallengeTests.swift */,
				CFC841E5239AABFE00E05565 /* Info.plist */,
			);
			path = iOSArtLogicChallengeTests;
			sourceTree = "<group>";
		};
		CFC841ED239AABFE00E05565 /* iOSArtLogicChallengeUITests */ = {
			isa = PBXGroup;
			children = (
				CFC841EE239AABFE00E05565 /* iOSArtLogicChallengeUITests.swift */,
				CFC841F0239AABFE00E05565 /* Info.plist */,
			);
			path = iOSArtLogicChallengeUITests;
			sourceTree = "<group>";
		};
		CFC841FC239AAF0600E05565 /* SupportingFiles */ = {
			isa = PBXGroup;
			children = (
				CFC841D5239AABFE00E05565 /* Assets.xcassets */,
				CFC841D7239AABFE00E05565 /* LaunchScreen.storyboard */,
				CFC841DA239AABFE00E05565 /* Info.plist */,
				CFBDC6A9239D3FF9001088A3 /* Localizable.strings */,
				CFBDC6AC239D9CCA001088A3 /* ResponseAll.json */,
				CFBDC6AD239D9CCA001088A3 /* PresentationResponse.json */,
			);
			path = SupportingFiles;
			sourceTree = "<group>";
		};
		CFC841FD239AAFC000E05565 /* Helpers */ = {
			isa = PBXGroup;
			children = (
				CFC841FE239AB58E00E05565 /* Extensions */,
				CFC84216239AB79000E05565 /* Constants.swift */,
				CFC84217239AB79000E05565 /* StyleManager.swift */,
			);
			path = Helpers;
			sourceTree = "<group>";
		};
		CFC841FE239AB58E00E05565 /* Extensions */ = {
			isa = PBXGroup;
			children = (
				CFC84206239AB74A00E05565 /* NSObjectExtension.swift */,
				CFC84205239AB74900E05565 /* StringExtension.swift */,
				CFC8420A239AB74A00E05565 /* UIButtonExtension.swift */,
				CFC84207239AB74A00E05565 /* UIEdgeInsetsExtension.swift */,
				CFC84209239AB74A00E05565 /* UIImageExtension.swift */,
				CFC8420C239AB74A00E05565 /* UINavigationControllerExtension.swift */,
				CFC84204239AB74900E05565 /* UIViewControllerExtension.swift */,
				CFC84208239AB74A00E05565 /* UIVIewExtension.swift */,
				CFBDC6AA239D79B2001088A3 /* UIFontExtension.swift */,
			);
			path = Extensions;
			sourceTree = "<group>";
		};
		CFC841FF239AB5D200E05565 /* Network */ = {
			isa = PBXGroup;
			children = (
				CFC84226239ACFFB00E05565 /* ApiManager.swift */,
				CFC8421A239AB7CC00E05565 /* Network.swift */,
				CFC84224239ACE2100E05565 /* NetworkManager.swift */,
				CFBDC6B0239D9ECE001088A3 /* MockNetworkManager.swift */,
			);
			path = Network;
			sourceTree = "<group>";
		};
		CFC84200239AB60B00E05565 /* Model */ = {
			isa = PBXGroup;
			children = (
				CFC84228239AD18300E05565 /* CollectionResponse.swift */,
				CFC8422A239AD28000E05565 /* CollectionItem.swift */,
				CFC8422C239AD32D00E05565 /* ImageSet.swift */,
				CFBDC69B239B0AC5001088A3 /* PresentationResponse.swift */,
				CFBDC69D239B0AE8001088A3 /* PresentationItem.swift */,
			);
			path = Model;
			sourceTree = "<group>";
		};
		CFC84201239AB62900E05565 /* View */ = {
			isa = PBXGroup;
			children = (
				CFC8421D239AB86000E05565 /* BaseLabel.swift */,
				CFC8422E239ADFF200E05565 /* CollectionItemTableViewCell.swift */,
				CFC8421C239AB86000E05565 /* LoaderOverlay.swift */,
				CFBDC69F239B8879001088A3 /* PresentationHeaderView.swift */,
				CFBDC6A3239B8AD3001088A3 /* ScrollingNavigationBarTitleView.swift */,
			);
			path = View;
			sourceTree = "<group>";
		};
		CFC84203239AB64400E05565 /* Controller */ = {
			isa = PBXGroup;
			children = (
				CFBDC6A1239B8A62001088A3 /* BaseViewController.swift */,
				CFC84222239ACD9B00E05565 /* ArtworksViewController.swift */,
				CFBDC699239B0721001088A3 /* PresentationViewController.swift */,
			);
			path = Controller;
			sourceTree = "<group>";
		};
/* End PBXGroup section */

/* Begin PBXNativeTarget section */
		CFC841C8239AABFC00E05565 /* iOSArtLogicChallenge */ = {
			isa = PBXNativeTarget;
			buildConfigurationList = CFC841F3239AABFE00E05565 /* Build configuration list for PBXNativeTarget "iOSArtLogicChallenge" */;
			buildPhases = (
				CFC841C5239AABFC00E05565 /* Sources */,
				CFC841C6239AABFC00E05565 /* Frameworks */,
				CFC841C7239AABFC00E05565 /* Resources */,
			);
			buildRules = (
			);
			dependencies = (
			);
			name = iOSArtLogicChallenge;
			packageProductDependencies = (
				CFBDC694239AFC61001088A3 /* SDWebImage */,
				CFBDC697239AFF49001088A3 /* SnapKit */,
			);
			productName = iOSArtLogicChallenge;
			productReference = CFC841C9239AABFC00E05565 /* Ramon ArtLogic.app */;
			productType = "com.apple.product-type.application";
		};
		CFC841DE239AABFE00E05565 /* iOSArtLogicChallengeTests */ = {
			isa = PBXNativeTarget;
			buildConfigurationList = CFC841F6239AABFE00E05565 /* Build configuration list for PBXNativeTarget "iOSArtLogicChallengeTests" */;
			buildPhases = (
				CFC841DB239AABFE00E05565 /* Sources */,
				CFC841DC239AABFE00E05565 /* Frameworks */,
				CFC841DD239AABFE00E05565 /* Resources */,
			);
			buildRules = (
			);
			dependencies = (
				CFC841E1239AABFE00E05565 /* PBXTargetDependency */,
			);
			name = iOSArtLogicChallengeTests;
			productName = iOSArtLogicChallengeTests;
			productReference = CFC841DF239AABFE00E05565 /* iOSArtLogicChallengeTests.xctest */;
			productType = "com.apple.product-type.bundle.unit-test";
		};
		CFC841E9239AABFE00E05565 /* iOSArtLogicChallengeUITests */ = {
			isa = PBXNativeTarget;
			buildConfigurationList = CFC841F9239AABFE00E05565 /* Build configuration list for PBXNativeTarget "iOSArtLogicChallengeUITests" */;
			buildPhases = (
				CFC841E6239AABFE00E05565 /* Sources */,
				CFC841E7239AABFE00E05565 /* Frameworks */,
				CFC841E8239AABFE00E05565 /* Resources */,
			);
			buildRules = (
			);
			dependencies = (
				CFC841EC239AABFE00E05565 /* PBXTargetDependency */,
			);
			name = iOSArtLogicChallengeUITests;
			productName = iOSArtLogicChallengeUITests;
			productReference = CFC841EA239AABFE00E05565 /* iOSArtLogicChallengeUITests.xctest */;
			productType = "com.apple.product-type.bundle.ui-testing";
		};
/* End PBXNativeTarget section */

/* Begin PBXProject section */
		CFC841C1239AABFC00E05565 /* Project object */ = {
			isa = PBXProject;
			attributes = {
				LastSwiftUpdateCheck = 1120;
				LastUpgradeCheck = 1120;
				ORGANIZATIONNAME = "Ramon Haro Marques";
				TargetAttributes = {
					CFC841C8239AABFC00E05565 = {
						CreatedOnToolsVersion = 11.2.1;
					};
					CFC841DE239AABFE00E05565 = {
						CreatedOnToolsVersion = 11.2.1;
						TestTargetID = CFC841C8239AABFC00E05565;
					};
					CFC841E9239AABFE00E05565 = {
						CreatedOnToolsVersion = 11.2.1;
						TestTargetID = CFC841C8239AABFC00E05565;
					};
				};
			};
			buildConfigurationList = CFC841C4239AABFC00E05565 /* Build configuration list for PBXProject "iOSArtLogicChallenge" */;
			compatibilityVersion = "Xcode 9.3";
			developmentRegion = en;
			hasScannedForEncodings = 0;
			knownRegions = (
				en,
				Base,
			);
			mainGroup = CFC841C0239AABFC00E05565;
			packageReferences = (
				CFBDC693239AFC61001088A3 /* XCRemoteSwiftPackageReference "SDWebImage" */,
				CFBDC696239AFF49001088A3 /* XCRemoteSwiftPackageReference "SnapKit" */,
			);
			productRefGroup = CFC841CA239AABFC00E05565 /* Products */;
			projectDirPath = "";
			projectRoot = "";
			targets = (
				CFC841C8239AABFC00E05565 /* iOSArtLogicChallenge */,
				CFC841DE239AABFE00E05565 /* iOSArtLogicChallengeTests */,
				CFC841E9239AABFE00E05565 /* iOSArtLogicChallengeUITests */,
			);
		};
/* End PBXProject section */

/* Begin PBXResourcesBuildPhase section */
		CFC841C7239AABFC00E05565 /* Resources */ = {
			isa = PBXResourcesBuildPhase;
			buildActionMask = 2147483647;
			files = (
				CFBDC6AE239D9CCA001088A3 /* ResponseAll.json in Resources */,
				CFBDC6A7239D3FF9001088A3 /* Localizable.strings in Resources */,
				CFC841D9239AABFE00E05565 /* LaunchScreen.storyboard in Resources */,
				CFC841D6239AABFE00E05565 /* Assets.xcassets in Resources */,
				CFBDC6AF239D9CCA001088A3 /* PresentationResponse.json in Resources */,
			);
			runOnlyForDeploymentPostprocessing = 0;
		};
		CFC841DD239AABFE00E05565 /* Resources */ = {
			isa = PBXResourcesBuildPhase;
			buildActionMask = 2147483647;
			files = (
			);
			runOnlyForDeploymentPostprocessing = 0;
		};
		CFC841E8239AABFE00E05565 /* Resources */ = {
			isa = PBXResourcesBuildPhase;
			buildActionMask = 2147483647;
			files = (
			);
			runOnlyForDeploymentPostprocessing = 0;
		};
/* End PBXResourcesBuildPhase section */

/* Begin PBXSourcesBuildPhase section */
		CFC841C5239AABFC00E05565 /* Sources */ = {
			isa = PBXSourcesBuildPhase;
			buildActionMask = 2147483647;
			files = (
				CFC84215239AB77200E05565 /* UIVIewExtension.swift in Sources */,
				CFC841CD239AABFC00E05565 /* AppDelegate.swift in Sources */,
				CFC8421E239AB86000E05565 /* LoaderOverlay.swift in Sources */,
				CFC84214239AB76F00E05565 /* UIViewControllerExtension.swift in Sources */,
				CFC8422D239AD32D00E05565 /* ImageSet.swift in Sources */,
				CFC84225239ACE2100E05565 /* NetworkManager.swift in Sources */,
				CFC8421F239AB86000E05565 /* BaseLabel.swift in Sources */,
				CFC84223239ACD9B00E05565 /* ArtworksViewController.swift in Sources */,
				CFBDC69A239B0721001088A3 /* PresentationViewController.swift in Sources */,
				CFC84213239AB76C00E05565 /* UINavigationControllerExtension.swift in Sources */,
				CFBDC6AB239D79B2001088A3 /* UIFontExtension.swift in Sources */,
				CFC84229239AD18300E05565 /* CollectionResponse.swift in Sources */,
				CFC8420F239AB76100E05565 /* StringExtension.swift in Sources */,
				CFBDC69C239B0AC5001088A3 /* PresentationResponse.swift in Sources */,
				CFBDC6A2239B8A62001088A3 /* BaseViewController.swift in Sources */,
				CFBDC6B1239D9ECE001088A3 /* MockNetworkManager.swift in Sources */,
				CFC8420E239AB75F00E05565 /* NSObjectExtension.swift in Sources */,
				CFBDC6A4239B8AD3001088A3 /* ScrollingNavigationBarTitleView.swift in Sources */,
				CFC84211239AB76600E05565 /* UIEdgeInsetsExtension.swift in Sources */,
				CFC84210239AB76400E05565 /* UIButtonExtension.swift in Sources */,
				CFC8422F239ADFF200E05565 /* CollectionItemTableViewCell.swift in Sources */,
				CFC84212239AB76900E05565 /* UIImageExtension.swift in Sources */,
				CFC84218239AB79000E05565 /* Constants.swift in Sources */,
				CFC8422B239AD28000E05565 /* CollectionItem.swift in Sources */,
				CFBDC69E239B0AE8001088A3 /* PresentationItem.swift in Sources */,
				CFC84227239ACFFB00E05565 /* ApiManager.swift in Sources */,
				CFC8421B239AB7CC00E05565 /* Network.swift in Sources */,
				CFBDC6A0239B8879001088A3 /* PresentationHeaderView.swift in Sources */,
				CFC84219239AB79000E05565 /* StyleManager.swift in Sources */,
			);
			runOnlyForDeploymentPostprocessing = 0;
		};
		CFC841DB239AABFE00E05565 /* Sources */ = {
			isa = PBXSourcesBuildPhase;
			buildActionMask = 2147483647;
			files = (
				CFC841E4239AABFE00E05565 /* iOSArtLogicChallengeTests.swift in Sources */,
				CFC84221239AC68D00E05565 /* ExtensionsTests.swift in Sources */,
			);
			runOnlyForDeploymentPostprocessing = 0;
		};
		CFC841E6239AABFE00E05565 /* Sources */ = {
			isa = PBXSourcesBuildPhase;
			buildActionMask = 2147483647;
			files = (
				CFC841EF239AABFE00E05565 /* iOSArtLogicChallengeUITests.swift in Sources */,
			);
			runOnlyForDeploymentPostprocessing = 0;
		};
/* End PBXSourcesBuildPhase section */

/* Begin PBXTargetDependency section */
		CFC841E1239AABFE00E05565 /* PBXTargetDependency */ = {
			isa = PBXTargetDependency;
			target = CFC841C8239AABFC00E05565 /* iOSArtLogicChallenge */;
			targetProxy = CFC841E0239AABFE00E05565 /* PBXContainerItemProxy */;
		};
		CFC841EC239AABFE00E05565 /* PBXTargetDependency */ = {
			isa = PBXTargetDependency;
			target = CFC841C8239AABFC00E05565 /* iOSArtLogicChallenge */;
			targetProxy = CFC841EB239AABFE00E05565 /* PBXContainerItemProxy */;
		};
/* End PBXTargetDependency section */

/* Begin PBXVariantGroup section */
		CFBDC6A9239D3FF9001088A3 /* Localizable.strings */ = {
			isa = PBXVariantGroup;
			children = (
				CFBDC6A8239D3FF9001088A3 /* en */,
			);
			name = Localizable.strings;
			sourceTree = "<group>";
		};
		CFC841D7239AABFE00E05565 /* LaunchScreen.storyboard */ = {
			isa = PBXVariantGroup;
			children = (
				CFC841D8239AABFE00E05565 /* Base */,
			);
			name = LaunchScreen.storyboard;
			sourceTree = "<group>";
		};
/* End PBXVariantGroup section */

/* Begin XCBuildConfiguration section */
		CFC841F1239AABFE00E05565 /* Debug */ = {
			isa = XCBuildConfiguration;
			buildSettings = {
				ALWAYS_SEARCH_USER_PATHS = NO;
				CLANG_ANALYZER_NONNULL = YES;
				CLANG_ANALYZER_NUMBER_OBJECT_CONVERSION = YES_AGGRESSIVE;
				CLANG_CXX_LANGUAGE_STANDARD = "gnu++14";
				CLANG_CXX_LIBRARY = "libc++";
				CLANG_ENABLE_MODULES = YES;
				CLANG_ENABLE_OBJC_ARC = YES;
				CLANG_ENABLE_OBJC_WEAK = YES;
				CLANG_WARN_BLOCK_CAPTURE_AUTORELEASING = YES;
				CLANG_WARN_BOOL_CONVERSION = YES;
				CLANG_WARN_COMMA = YES;
				CLANG_WARN_CONSTANT_CONVERSION = YES;
				CLANG_WARN_DEPRECATED_OBJC_IMPLEMENTATIONS = YES;
				CLANG_WARN_DIRECT_OBJC_ISA_USAGE = YES_ERROR;
				CLANG_WARN_DOCUMENTATION_COMMENTS = YES;
				CLANG_WARN_EMPTY_BODY = YES;
				CLANG_WARN_ENUM_CONVERSION = YES;
				CLANG_WARN_INFINITE_RECURSION = YES;
				CLANG_WARN_INT_CONVERSION = YES;
				CLANG_WARN_NON_LITERAL_NULL_CONVERSION = YES;
				CLANG_WARN_OBJC_IMPLICIT_RETAIN_SELF = YES;
				CLANG_WARN_OBJC_LITERAL_CONVERSION = YES;
				CLANG_WARN_OBJC_ROOT_CLASS = YES_ERROR;
				CLANG_WARN_RANGE_LOOP_ANALYSIS = YES;
				CLANG_WARN_STRICT_PROTOTYPES = YES;
				CLANG_WARN_SUSPICIOUS_MOVE = YES;
				CLANG_WARN_UNGUARDED_AVAILABILITY = YES_AGGRESSIVE;
				CLANG_WARN_UNREACHABLE_CODE = YES;
				CLANG_WARN__DUPLICATE_METHOD_MATCH = YES;
				COPY_PHASE_STRIP = NO;
				DEBUG_INFORMATION_FORMAT = dwarf;
				ENABLE_STRICT_OBJC_MSGSEND = YES;
				ENABLE_TESTABILITY = YES;
				GCC_C_LANGUAGE_STANDARD = gnu11;
				GCC_DYNAMIC_NO_PIC = NO;
				GCC_NO_COMMON_BLOCKS = YES;
				GCC_OPTIMIZATION_LEVEL = 0;
				GCC_PREPROCESSOR_DEFINITIONS = (
					"DEBUG=1",
					"$(inherited)",
				);
				GCC_WARN_64_TO_32_BIT_CONVERSION = YES;
				GCC_WARN_ABOUT_RETURN_TYPE = YES_ERROR;
				GCC_WARN_UNDECLARED_SELECTOR = YES;
				GCC_WARN_UNINITIALIZED_AUTOS = YES_AGGRESSIVE;
				GCC_WARN_UNUSED_FUNCTION = YES;
				GCC_WARN_UNUSED_VARIABLE = YES;
				IPHONEOS_DEPLOYMENT_TARGET = 13.2;
				MTL_ENABLE_DEBUG_INFO = INCLUDE_SOURCE;
				MTL_FAST_MATH = YES;
				ONLY_ACTIVE_ARCH = YES;
				SDKROOT = iphoneos;
				SWIFT_ACTIVE_COMPILATION_CONDITIONS = DEBUG;
				SWIFT_OPTIMIZATION_LEVEL = "-Onone";
			};
			name = Debug;
		};
		CFC841F2239AABFE00E05565 /* Release */ = {
			isa = XCBuildConfiguration;
			buildSettings = {
				ALWAYS_SEARCH_USER_PATHS = NO;
				CLANG_ANALYZER_NONNULL = YES;
				CLANG_ANALYZER_NUMBER_OBJECT_CONVERSION = YES_AGGRESSIVE;
				CLANG_CXX_LANGUAGE_STANDARD = "gnu++14";
				CLANG_CXX_LIBRARY = "libc++";
				CLANG_ENABLE_MODULES = YES;
				CLANG_ENABLE_OBJC_ARC = YES;
				CLANG_ENABLE_OBJC_WEAK = YES;
				CLANG_WARN_BLOCK_CAPTURE_AUTORELEASING = YES;
				CLANG_WARN_BOOL_CONVERSION = YES;
				CLANG_WARN_COMMA = YES;
				CLANG_WARN_CONSTANT_CONVERSION = YES;
				CLANG_WARN_DEPRECATED_OBJC_IMPLEMENTATIONS = YES;
				CLANG_WARN_DIRECT_OBJC_ISA_USAGE = YES_ERROR;
				CLANG_WARN_DOCUMENTATION_COMMENTS = YES;
				CLANG_WARN_EMPTY_BODY = YES;
				CLANG_WARN_ENUM_CONVERSION = YES;
				CLANG_WARN_INFINITE_RECURSION = YES;
				CLANG_WARN_INT_CONVERSION = YES;
				CLANG_WARN_NON_LITERAL_NULL_CONVERSION = YES;
				CLANG_WARN_OBJC_IMPLICIT_RETAIN_SELF = YES;
				CLANG_WARN_OBJC_LITERAL_CONVERSION = YES;
				CLANG_WARN_OBJC_ROOT_CLASS = YES_ERROR;
				CLANG_WARN_RANGE_LOOP_ANALYSIS = YES;
				CLANG_WARN_STRICT_PROTOTYPES = YES;
				CLANG_WARN_SUSPICIOUS_MOVE = YES;
				CLANG_WARN_UNGUARDED_AVAILABILITY = YES_AGGRESSIVE;
				CLANG_WARN_UNREACHABLE_CODE = YES;
				CLANG_WARN__DUPLICATE_METHOD_MATCH = YES;
				COPY_PHASE_STRIP = NO;
				DEBUG_INFORMATION_FORMAT = "dwarf-with-dsym";
				ENABLE_NS_ASSERTIONS = NO;
				ENABLE_STRICT_OBJC_MSGSEND = YES;
				GCC_C_LANGUAGE_STANDARD = gnu11;
				GCC_NO_COMMON_BLOCKS = YES;
				GCC_WARN_64_TO_32_BIT_CONVERSION = YES;
				GCC_WARN_ABOUT_RETURN_TYPE = YES_ERROR;
				GCC_WARN_UNDECLARED_SELECTOR = YES;
				GCC_WARN_UNINITIALIZED_AUTOS = YES_AGGRESSIVE;
				GCC_WARN_UNUSED_FUNCTION = YES;
				GCC_WARN_UNUSED_VARIABLE = YES;
				IPHONEOS_DEPLOYMENT_TARGET = 13.2;
				MTL_ENABLE_DEBUG_INFO = NO;
				MTL_FAST_MATH = YES;
				SDKROOT = iphoneos;
				SWIFT_COMPILATION_MODE = wholemodule;
				SWIFT_OPTIMIZATION_LEVEL = "-O";
				VALIDATE_PRODUCT = YES;
			};
			name = Release;
		};
		CFC841F4239AABFE00E05565 /* Debug */ = {
			isa = XCBuildConfiguration;
			buildSettings = {
				ASSETCATALOG_COMPILER_APPICON_NAME = AppIcon;
				CODE_SIGN_STYLE = Automatic;
				DEVELOPMENT_TEAM = 33482W4AH2;
				FRAMEWORK_SEARCH_PATHS = (
					"$(inherited)",
					"$(PROJECT_DIR)/Carthage/Build/iOS",
				);
				INFOPLIST_FILE = iOSArtLogicChallenge/SupportingFiles/Info.plist;
				LD_RUNPATH_SEARCH_PATHS = (
					"$(inherited)",
					"@executable_path/Frameworks",
				);
				PRODUCT_BUNDLE_IDENTIFIER = reimondhill.iOSArtLogicChallenge;
				PRODUCT_NAME = "Ramon ArtLogic";
				SWIFT_VERSION = 5.0;
				TARGETED_DEVICE_FAMILY = "1,2";
			};
			name = Debug;
		};
		CFC841F5239AABFE00E05565 /* Release */ = {
			isa = XCBuildConfiguration;
			buildSettings = {
				ASSETCATALOG_COMPILER_APPICON_NAME = AppIcon;
				CODE_SIGN_STYLE = Automatic;
				DEVELOPMENT_TEAM = 33482W4AH2;
				FRAMEWORK_SEARCH_PATHS = (
					"$(inherited)",
					"$(PROJECT_DIR)/Carthage/Build/iOS",
				);
				INFOPLIST_FILE = iOSArtLogicChallenge/SupportingFiles/Info.plist;
				LD_RUNPATH_SEARCH_PATHS = (
					"$(inherited)",
					"@executable_path/Frameworks",
				);
				PRODUCT_BUNDLE_IDENTIFIER = reimondhill.iOSArtLogicChallenge;
				PRODUCT_NAME = "Ramon ArtLogic";
				SWIFT_VERSION = 5.0;
				TARGETED_DEVICE_FAMILY = "1,2";
			};
			name = Release;
		};
		CFC841F7239AABFE00E05565 /* Debug */ = {
			isa = XCBuildConfiguration;
			buildSettings = {
				ALWAYS_EMBED_SWIFT_STANDARD_LIBRARIES = YES;
				BUNDLE_LOADER = "$(TEST_HOST)";
				CODE_SIGN_STYLE = Automatic;
				DEVELOPMENT_TEAM = 33482W4AH2;
				INFOPLIST_FILE = iOSArtLogicChallengeTests/Info.plist;
				IPHONEOS_DEPLOYMENT_TARGET = 13.2;
				LD_RUNPATH_SEARCH_PATHS = (
					"$(inherited)",
					"@executable_path/Frameworks",
					"@loader_path/Frameworks",
				);
				PRODUCT_BUNDLE_IDENTIFIER = reimondhill.iOSArtLogicChallengeTests;
				PRODUCT_NAME = "$(TARGET_NAME)";
				SWIFT_VERSION = 5.0;
				TARGETED_DEVICE_FAMILY = "1,2";
				TEST_HOST = "$(BUILT_PRODUCTS_DIR)/iOSArtLogicChallenge.app/iOSArtLogicChallenge";
			};
			name = Debug;
		};
		CFC841F8239AABFE00E05565 /* Release */ = {
			isa = XCBuildConfiguration;
			buildSettings = {
				ALWAYS_EMBED_SWIFT_STANDARD_LIBRARIES = YES;
				BUNDLE_LOADER = "$(TEST_HOST)";
				CODE_SIGN_STYLE = Automatic;
				DEVELOPMENT_TEAM = 33482W4AH2;
				INFOPLIST_FILE = iOSArtLogicChallengeTests/Info.plist;
				IPHONEOS_DEPLOYMENT_TARGET = 13.2;
				LD_RUNPATH_SEARCH_PATHS = (
					"$(inherited)",
					"@executable_path/Frameworks",
					"@loader_path/Frameworks",
				);
				PRODUCT_BUNDLE_IDENTIFIER = reimondhill.iOSArtLogicChallengeTests;
				PRODUCT_NAME = "$(TARGET_NAME)";
				SWIFT_VERSION = 5.0;
				TARGETED_DEVICE_FAMILY = "1,2";
				TEST_HOST = "$(BUILT_PRODUCTS_DIR)/iOSArtLogicChallenge.app/iOSArtLogicChallenge";
			};
			name = Release;
		};
		CFC841FA239AABFE00E05565 /* Debug */ = {
			isa = XCBuildConfiguration;
			buildSettings = {
				ALWAYS_EMBED_SWIFT_STANDARD_LIBRARIES = YES;
				CODE_SIGN_STYLE = Automatic;
				DEVELOPMENT_TEAM = 33482W4AH2;
				INFOPLIST_FILE = iOSArtLogicChallengeUITests/Info.plist;
				LD_RUNPATH_SEARCH_PATHS = (
					"$(inherited)",
					"@executable_path/Frameworks",
					"@loader_path/Frameworks",
				);
				PRODUCT_BUNDLE_IDENTIFIER = reimondhill.iOSArtLogicChallengeUITests;
				PRODUCT_NAME = "$(TARGET_NAME)";
				SWIFT_VERSION = 5.0;
				TARGETED_DEVICE_FAMILY = "1,2";
				TEST_TARGET_NAME = iOSArtLogicChallenge;
			};
			name = Debug;
		};
		CFC841FB239AABFE00E05565 /* Release */ = {
			isa = XCBuildConfiguration;
			buildSettings = {
				ALWAYS_EMBED_SWIFT_STANDARD_LIBRARIES = YES;
				CODE_SIGN_STYLE = Automatic;
				DEVELOPMENT_TEAM = 33482W4AH2;
				INFOPLIST_FILE = iOSArtLogicChallengeUITests/Info.plist;
				LD_RUNPATH_SEARCH_PATHS = (
					"$(inherited)",
					"@executable_path/Frameworks",
					"@loader_path/Frameworks",
				);
				PRODUCT_BUNDLE_IDENTIFIER = reimondhill.iOSArtLogicChallengeUITests;
				PRODUCT_NAME = "$(TARGET_NAME)";
				SWIFT_VERSION = 5.0;
				TARGETED_DEVICE_FAMILY = "1,2";
				TEST_TARGET_NAME = iOSArtLogicChallenge;
			};
			name = Release;
		};
/* End XCBuildConfiguration section */

/* Begin XCConfigurationList section */
		CFC841C4239AABFC00E05565 /* Build configuration list for PBXProject "iOSArtLogicChallenge" */ = {
			isa = XCConfigurationList;
			buildConfigurations = (
				CFC841F1239AABFE00E05565 /* Debug */,
				CFC841F2239AABFE00E05565 /* Release */,
			);
			defaultConfigurationIsVisible = 0;
			defaultConfigurationName = Release;
		};
		CFC841F3239AABFE00E05565 /* Build configuration list for PBXNativeTarget "iOSArtLogicChallenge" */ = {
			isa = XCConfigurationList;
			buildConfigurations = (
				CFC841F4239AABFE00E05565 /* Debug */,
				CFC841F5239AABFE00E05565 /* Release */,
			);
			defaultConfigurationIsVisible = 0;
			defaultConfigurationName = Release;
		};
		CFC841F6239AABFE00E05565 /* Build configuration list for PBXNativeTarget "iOSArtLogicChallengeTests" */ = {
			isa = XCConfigurationList;
			buildConfigurations = (
				CFC841F7239AABFE00E05565 /* Debug */,
				CFC841F8239AABFE00E05565 /* Release */,
			);
			defaultConfigurationIsVisible = 0;
			defaultConfigurationName = Release;
		};
		CFC841F9239AABFE00E05565 /* Build configuration list for PBXNativeTarget "iOSArtLogicChallengeUITests" */ = {
			isa = XCConfigurationList;
			buildConfigurations = (
				CFC841FA239AABFE00E05565 /* Debug */,
				CFC841FB239AABFE00E05565 /* Release */,
			);
			defaultConfigurationIsVisible = 0;
			defaultConfigurationName = Release;
		};
/* End XCConfigurationList section */

/* Begin XCRemoteSwiftPackageReference section */
		CFBDC693239AFC61001088A3 /* XCRemoteSwiftPackageReference "SDWebImage" */ = {
			isa = XCRemoteSwiftPackageReference;
			repositoryURL = "https://github.com/SDWebImage/SDWebImage.git";
			requirement = {
				kind = upToNextMajorVersion;
				minimumVersion = 5.4.0;
			};
		};
		CFBDC696239AFF49001088A3 /* XCRemoteSwiftPackageReference "SnapKit" */ = {
			isa = XCRemoteSwiftPackageReference;
			repositoryURL = "https://github.com/SnapKit/SnapKit";
			requirement = {
				kind = upToNextMajorVersion;
				minimumVersion = 5.0.1;
			};
		};
/* End XCRemoteSwiftPackageReference section */

/* Begin XCSwiftPackageProductDependency section */
		CFBDC694239AFC61001088A3 /* SDWebImage */ = {
			isa = XCSwiftPackageProductDependency;
			package = CFBDC693239AFC61001088A3 /* XCRemoteSwiftPackageReference "SDWebImage" */;
			productName = SDWebImage;
		};
		CFBDC697239AFF49001088A3 /* SnapKit */ = {
			isa = XCSwiftPackageProductDependency;
			package = CFBDC696239AFF49001088A3 /* XCRemoteSwiftPackageReference "SnapKit" */;
			productName = SnapKit;
		};
/* End XCSwiftPackageProductDependency section */
	};
	rootObject = CFC841C1239AABFC00E05565 /* Project object */;
}
